
Microsoft Visual Studio Solution File, Format Version 12.00
# Visual Studio Version 17
VisualStudioVersion = 17.10.34607.79
MinimumVisualStudioVersion = 10.0.40219.1
Project("{FAE04EC0-301F-11D3-BF4B-00C04F79EFBC}") = "DG.DashboardShopZuerich", "DG.DashboardShopZuerich\DG.DashboardShopZuerich.csproj", "{89CDE4D0-DC08-4384-BF7B-89FFEBEA9C2B}"
EndProject
Global
	GlobalSection(SolutionConfigurationPlatforms) = preSolution
		Debug|Any CPU = Debug|Any CPU
		Release|Any CPU = Release|Any CPU
	EndGlobalSection
	GlobalSection(ProjectConfigurationPlatforms) = postSolution
		{89CDE4D0-DC08-4384-BF7B-89FFEBEA9C2B}.Debug|Any CPU.ActiveCfg = Debug|Any CPU
		{89CDE4D0-DC08-4384-BF7B-89FFEBEA9C2B}.Debug|Any CPU.Build.0 = Debug|Any CPU
		{89CDE4D0-DC08-4384-BF7B-89FFEBEA9C2B}.Debug|Any CPU.Deploy.0 = Debug|Any CPU
		{89CDE4D0-DC08-4384-BF7B-89FFEBEA9C2B}.Release|Any CPU.ActiveCfg = Release|Any CPU
		{89CDE4D0-DC08-4384-BF7B-89FFEBEA9C2B}.Release|Any CPU.Build.0 = Release|Any CPU
		{89CDE4D0-DC08-4384-BF7B-89FFEBEA9C2B}.Release|Any CPU.Deploy.0 = Release|Any CPU
	EndGlobalSection
	GlobalSection(SolutionProperties) = preSolution
		HideSolutionNode = FALSE
	EndGlobalSection
	GlobalSection(ExtensibilityGlobals) = postSolution
		SolutionGuid = {54F003E1-46A8-4594-884B-DC7B8DAE919E}
	EndGlobalSection
EndGlobal
